{
  "version": 1,
  "dependencies": {
    "net10.0": {
      "CommunityToolkit.Maui": {
        "type": "Direct",
        "requested": "[9.1.1, )",
        "resolved": "9.1.1",
        "contentHash": "vDFIMhs/NRKEaHrrxq3AR3qEnfc0L6nno3/ZEFRUctDdwcYKNfmx8aof1lj8++dX+56c282SLHyuCnN6eH2Mpg==",
        "dependencies": {
          "CommunityToolkit.Maui.Core": "9.1.1",
          "Microsoft.Maui.Controls": "8.0.71"
        }
      },
      "CommunityToolkit.Mvvm": {
        "type": "Direct",
        "requested": "[8.3.2, )",
        "resolved": "8.3.2",
        "contentHash": "m8EolE1A0Updj68WTsZSGI6VWb6mUqHPh7QFo0kt7+JPhYMNXRS1ch8TS/oITAdcxTLrwMOp3ku1KjeG1/Zdpg=="
      },
      "Google.Protobuf": {
        "type": "Direct",
        "requested": "[3.29.3, )",
        "resolved": "3.29.3",
        "contentHash": "t7nZFFUFwigCwZ+nIXHDLweXvwIpsOXi+P7J7smPT/QjI3EKxnCzTQOhBqyEh6XEzc/pNH+bCFOOSjatrPt6Tw=="
      },
      "Grpc.Net.Client": {
        "type": "Direct",
        "requested": "[2.67.0, )",
        "resolved": "2.67.0",
        "contentHash": "ofTjJQfegWkVlk5R4k/LlwpcucpsBzntygd4iAeuKd/eLMkmBWoXN+xcjYJ5IibAahRpIJU461jABZvT6E9dwA==",
        "dependencies": {
          "Grpc.Net.Common": "2.67.0",
          "Microsoft.Extensions.Logging.Abstractions": "6.0.0"
        }
      },
      "Grpc.Tools": {
        "type": "Direct",
        "requested": "[2.69.0, )",
        "resolved": "2.69.0",
        "contentHash": "W5hW4R1h19FCzKb8ToqIJMI5YxnQqGmREEpV8E5XkfCtLPIK5MSHztwQ8gZUfG8qu9fg5MhItjzyPRqQBjnrbA=="
      },
      "IdentityModel": {
        "type": "Direct",
        "requested": "[7.0.0, )",
        "resolved": "7.0.0",
        "contentHash": "to99aLL5Gev1GOb2gUao/UZXT/uXMyjEmHPNrf/vJI2HBD1LMCTeC4SBCe/cqMIB12V9v+eSieq7ff0lju9pOQ=="
      },
      "IdentityModel.OidcClient": {
        "type": "Direct",
        "requested": "[6.0.0, )",
        "resolved": "6.0.0",
        "contentHash": "m2PZbjeG3nXIQ72NLZvFz3FLFk7GmqLnxO/ifUvaTEE3BDZXp7DXAdjDP6TQKaL20+wDnej2ffA1Yh3vVcJOkA==",
        "dependencies": {
          "IdentityModel": "7.0.0",
          "Microsoft.Extensions.Logging.Abstractions": "8.0.0"
        }
      },
      "Microsoft.Extensions.Logging.Debug": {
        "type": "Direct",
        "requested": "[10.0.2, )",
        "resolved": "10.0.2",
        "contentHash": "LohXg8Uc+cGLzPhUTgwOR9Z/lqMFpDT+NylPFwT6yXZfJAm/QE+Gv14HNir9tfposwGl5IuR+3yfLOuc6PNHVg==",
        "dependencies": {
          "Microsoft.Extensions.DependencyInjection.Abstractions": "10.0.2",
          "Microsoft.Extensions.Logging": "10.0.2",
          "Microsoft.Extensions.Logging.Abstractions": "10.0.2"
        }
      },
      "Microsoft.Maui.Controls": {
        "type": "Direct",
        "requested": "[9.0.30, )",
        "resolved": "9.0.30",
        "contentHash": "S1EvHfKk060Q6gsf/E60YoZQhFZkfpV0ccYC+b8NJfc8P1iKP52KNEwNY6VxP8Y2Cw8ZfkGNRWPAjq+cb7EaPA==",
        "dependencies": {
          "Microsoft.Maui.Controls.Build.Tasks": "9.0.30",
          "Microsoft.Maui.Controls.Core": "9.0.30",
          "Microsoft.Maui.Controls.Xaml": "9.0.30",
          "Microsoft.Maui.Resizetizer": "9.0.30"
        }
      },
      "Microsoft.Maui.Controls.Compatibility": {
        "type": "Direct",
        "requested": "[9.0.30, )",
        "resolved": "9.0.30",
        "contentHash": "6Y4LwwCyw59tCb4i6ZAzpuPYm+14qXxtC0fVK/vBQe+08/dYst7/zmnRqUwqNxY8dUdypGGUyAy3hdQ00SRNpQ==",
        "dependencies": {
          "Microsoft.Extensions.Configuration": "9.0.0",
          "Microsoft.Extensions.Logging.Abstractions": "9.0.0",
          "Microsoft.Maui.Controls.Core": "9.0.30",
          "Microsoft.Maui.Controls.Xaml": "9.0.30"
        }
      },
      "Microsoft.Maui.Controls.Maps": {
        "type": "Direct",
        "requested": "[9.0.30, )",
        "resolved": "9.0.30",
        "contentHash": "bBqJhxDjWGDZgAkZpmNXXl9GT66fu742v3uMvD6kTo4rbZreWoeC+rm8dP8cHNvFKaciFiRPmYhIDrGXJxc2SQ==",
        "dependencies": {
          "Microsoft.Maui.Maps": "9.0.30"
        }
      },
      "CommunityToolkit.Maui.Core": {
        "type": "Transitive",
        "resolved": "9.1.1",
        "contentHash": "2O5bgBnwYLKXUMSA4a0hd3ildtr9t5Rw109y7Lz0udnX4C9JrW8Xi1mLDuUcNmK+U37gulhJGLb2tCMc+cbo3w==",
        "dependencies": {
          "Microsoft.Maui.Core": "8.0.71",
          "Microsoft.Maui.Essentials": "8.0.71"
        }
      },
      "Grpc.Core.Api": {
        "type": "Transitive",
        "resolved": "2.67.0",
        "contentHash": "cL1/2f8kc8lsAGNdfCU25deedXVehhLA6GXKLLN4hAWx16XN7BmjYn3gFU+FBpir5yJynvDTHEypr3Tl0j7x/Q=="
      },
      "Grpc.Net.Common": {
        "type": "Transitive",
        "resolved": "2.67.0",
        "contentHash": "gazn1cD2Eol0/W5ZJRV4PYbNrxJ9oMs8pGYux5S9E4MymClvl7aqYSmpqgmWAUWvziRqK9K+yt3cjCMfQ3x/5A==",
        "dependencies": {
          "Grpc.Core.Api": "2.67.0"
        }
      },
      "Microsoft.Extensions.Configuration": {
        "type": "Transitive",
        "resolved": "9.0.0",
        "contentHash": "YIMO9T3JL8MeEXgVozKt2v79hquo/EFtnY0vgxmLnUvk1Rei/halI7kOWZL2RBeV9FMGzgM9LZA8CVaNwFMaNA==",
        "dependencies": {
          "Microsoft.Extensions.Configuration.Abstractions": "9.0.0",
          "Microsoft.Extensions.Primitives": "9.0.0"
        }
      },
      "Microsoft.Extensions.Configuration.Abstractions": {
        "type": "Transitive",
        "resolved": "9.0.0",
        "contentHash": "lqvd7W3FGKUO1+ZoUEMaZ5XDJeWvjpy2/M/ptCGz3tXLD4HWVaSzjufsAsjemasBEg+2SxXVtYVvGt5r2nKDlg==",
        "dependencies": {
          "Microsoft.Extensions.Primitives": "9.0.0"
        }
      },
      "Microsoft.Extensions.DependencyInjection": {
        "type": "Transitive",
        "resolved": "10.0.2",
        "contentHash": "J/Zmp6fY93JbaiZ11ckWvcyxMPjD6XVwIHQXBjryTBgn7O6O20HYg9uVLFcZlNfgH78MnreE/7EH+hjfzn7VyA==",
        "dependencies": {
          "Microsoft.Extensions.DependencyInjection.Abstractions": "10.0.2"
        }
      },
      "Microsoft.Extensions.DependencyInjection.Abstractions": {
        "type": "Transitive",
        "resolved": "10.0.2",
        "contentHash": "zOIurr59+kUf9vNcsUkCvKWZv+fPosUZXURZesYkJCvl0EzTc9F7maAO4Cd2WEV7ZJJ0AZrFQvuH6Npph9wdBw=="
      },
      "Microsoft.Extensions.Logging": {
        "type": "Transitive",
        "resolved": "10.0.2",
        "contentHash": "a0EWuBs6D3d7XMGroDXm+WsAi5CVVfjOJvyxurzWnuhBN9CO+1qHKcrKV1JK7H/T4ZtHIoVCOX/YyWM8K87qtw==",
        "dependencies": {
          "Microsoft.Extensions.DependencyInjection": "10.0.2",
          "Microsoft.Extensions.Logging.Abstractions": "10.0.2",
          "Microsoft.Extensions.Options": "10.0.2"
        }
      },
      "Microsoft.Extensions.Logging.Abstractions": {
        "type": "Transitive",
        "resolved": "10.0.2",
        "contentHash": "RZkez/JjpnO+MZ6efKkSynN6ZztLpw3WbxNzjLCPBd97wWj1S9ZYPWi0nmT4kWBRa6atHsdM1ydGkUr8GudyDQ==",
        "dependencies": {
          "Microsoft.Extensions.DependencyInjection.Abstractions": "10.0.2"
        }
      },
      "Microsoft.Extensions.Options": {
        "type": "Transitive",
        "resolved": "10.0.2",
        "contentHash": "1De2LJjmxdqopI5AYC5dIhoZQ79AR5ayywxNF1rXrXFtKQfbQOV9+n/IsZBa7qWlr0MqoGpW8+OY2v/57udZOA==",
        "dependencies": {
          "Microsoft.Extensions.DependencyInjection.Abstractions": "10.0.2",
          "Microsoft.Extensions.Primitives": "10.0.2"
        }
      },
      "Microsoft.Extensions.Primitives": {
        "type": "Transitive",
        "resolved": "10.0.2",
        "contentHash": "QmSiO+oLBEooGgB3i0GRXyeYRDHjllqt3k365jwfZlYWhvSHA3UL2NEVV5m8aZa041eIlblo6KMI5txvTMpTwA=="
      },
      "Microsoft.Maui.Controls.Build.Tasks": {
        "type": "Transitive",
        "resolved": "9.0.30",
        "contentHash": "hpb9mB3FLMK0UK6euFvkq8X0TEJ0YDWBV2kot5ryrvCBSNyonHVEQVMo0m7Uzzz2fAdqdZzRNV9WNgB6X/Jb4Q==",
        "dependencies": {
          "Microsoft.Maui.Controls.Core": "9.0.30",
          "Microsoft.Maui.Controls.Xaml": "9.0.30"
        }
      },
      "Microsoft.Maui.Controls.Core": {
        "type": "Transitive",
        "resolved": "9.0.30",
        "contentHash": "P2Z45cciD/2yqia/3tm9QCclVhCISdBQfHz4zvpTQslEPZOuxzw06stvfrKYSgGlnJMBDzNMQ70FC/hybkB4kg==",
        "dependencies": {
          "Microsoft.Extensions.Configuration": "9.0.0",
          "Microsoft.Extensions.DependencyInjection": "9.0.0",
          "Microsoft.Extensions.Logging": "9.0.0",
          "Microsoft.Extensions.Logging.Abstractions": "9.0.0",
          "Microsoft.Maui.Core": "9.0.30"
        }
      },
      "Microsoft.Maui.Controls.Xaml": {
        "type": "Transitive",
        "resolved": "9.0.30",
        "contentHash": "mQHeyk+Dj7L2vmDXPeMjwLD7dUeqCelxLTPV5pOg+v3pVgQFwYZPoOMPVflS6Qtu+o1BlOZ5XNQjtEEUJ4yShg==",
        "dependencies": {
          "Microsoft.Extensions.Configuration": "9.0.0",
          "Microsoft.Maui.Controls.Core": "9.0.30",
          "Microsoft.Maui.Core": "9.0.30"
        }
      },
      "Microsoft.Maui.Core": {
        "type": "Transitive",
        "resolved": "9.0.30",
        "contentHash": "fAt+rtONvnar9IPfj3qmF4UgWAaoB3UkvF1QIlRc9/dwYxSVRyRzx4SfnjwQ0kM160z03IDOK45D3pgDiRRNcw==",
        "dependencies": {
          "Microsoft.Extensions.Configuration": "9.0.0",
          "Microsoft.Extensions.DependencyInjection": "9.0.0",
          "Microsoft.Extensions.Logging": "9.0.0",
          "Microsoft.Extensions.Logging.Abstractions": "9.0.0",
          "Microsoft.Maui.Essentials": "9.0.30",
          "Microsoft.Maui.Graphics": "9.0.30"
        }
      },
      "Microsoft.Maui.Essentials": {
        "type": "Transitive",
        "resolved": "9.0.30",
        "contentHash": "0jIHgPw+VeQpipYoz0WpTGc6EoAD/i80CgAq9GewOHfWSF3pD2w9MwyAkyNf2Fx8gef37WNJCv/wtRcr96nd2w==",
        "dependencies": {
          "Microsoft.Maui.Graphics": "9.0.30"
        }
      },
      "Microsoft.Maui.Graphics": {
        "type": "Transitive",
        "resolved": "9.0.30",
        "contentHash": "YnlWLhi0SFuWY1GxUGZs96uHPJdaGK86udh2A/wysTYernzF7bmKNJnPvG17QDgdMuqELGC7fxAkqRuHEciY/A=="
      },
      "Microsoft.Maui.Maps": {
        "type": "Transitive",
        "resolved": "9.0.30",
        "contentHash": "2kG+ViQ6FoHHoD10IYJCgPD1BqO4dkaasxktMVzvZqfuDapG81JHkCHXsLwfqxyz/PEVTj/GumIWVzXjuwzFaw=="
      },
      "Microsoft.Maui.Resizetizer": {
        "type": "Transitive",
        "resolved": "9.0.30",
        "contentHash": "rJtkoRYWmkBPVxpvrWYvACYfrCqW98ilio6M5wUqu8X7AzcxVp1R17b5XLgFUyJKkmolyqibO06C6wOV3kOOig=="
      }
    },
    "net10.0/android-arm64": {},
    "net10.0-android1.0": {
      "CommunityToolkit.Maui": {
        "type": "Direct",
        "requested": "[9.1.1, )",
        "resolved": "9.1.1",
        "contentHash": "vDFIMhs/NRKEaHrrxq3AR3qEnfc0L6nno3/ZEFRUctDdwcYKNfmx8aof1lj8++dX+56c282SLHyuCnN6eH2Mpg==",
        "dependencies": {
          "CommunityToolkit.Maui.Core": "9.1.1",
          "Microsoft.Maui.Controls": "8.0.71"
        }
      },
      "CommunityToolkit.Mvvm": {
        "type": "Direct",
        "requested": "[8.3.2, )",
        "resolved": "8.3.2",
        "contentHash": "m8EolE1A0Updj68WTsZSGI6VWb6mUqHPh7QFo0kt7+JPhYMNXRS1ch8TS/oITAdcxTLrwMOp3ku1KjeG1/Zdpg=="
      },
      "Google.Protobuf": {
        "type": "Direct",
        "requested": "[3.29.3, )",
        "resolved": "3.29.3",
        "contentHash": "t7nZFFUFwigCwZ+nIXHDLweXvwIpsOXi+P7J7smPT/QjI3EKxnCzTQOhBqyEh6XEzc/pNH+bCFOOSjatrPt6Tw=="
      },
      "Grpc.Net.Client": {
        "type": "Direct",
        "requested": "[2.67.0, )",
        "resolved": "2.67.0",
        "contentHash": "ofTjJQfegWkVlk5R4k/LlwpcucpsBzntygd4iAeuKd/eLMkmBWoXN+xcjYJ5IibAahRpIJU461jABZvT6E9dwA==",
        "dependencies": {
          "Grpc.Net.Common": "2.67.0",
          "Microsoft.Extensions.Logging.Abstractions": "6.0.0"
        }
      },
      "Grpc.Tools": {
        "type": "Direct",
        "requested": "[2.69.0, )",
        "resolved": "2.69.0",
        "contentHash": "W5hW4R1h19FCzKb8ToqIJMI5YxnQqGmREEpV8E5XkfCtLPIK5MSHztwQ8gZUfG8qu9fg5MhItjzyPRqQBjnrbA=="
      },
      "IdentityModel": {
        "type": "Direct",
        "requested": "[7.0.0, )",
        "resolved": "7.0.0",
        "contentHash": "to99aLL5Gev1GOb2gUao/UZXT/uXMyjEmHPNrf/vJI2HBD1LMCTeC4SBCe/cqMIB12V9v+eSieq7ff0lju9pOQ=="
      },
      "IdentityModel.OidcClient": {
        "type": "Direct",
        "requested": "[6.0.0, )",
        "resolved": "6.0.0",
        "contentHash": "m2PZbjeG3nXIQ72NLZvFz3FLFk7GmqLnxO/ifUvaTEE3BDZXp7DXAdjDP6TQKaL20+wDnej2ffA1Yh3vVcJOkA==",
        "dependencies": {
          "IdentityModel": "7.0.0",
          "Microsoft.Extensions.Logging.Abstractions": "8.0.0"
        }
      },
      "Microsoft.Extensions.Logging.Debug": {
        "type": "Direct",
        "requested": "[10.0.2, )",
        "resolved": "10.0.2",
        "contentHash": "LohXg8Uc+cGLzPhUTgwOR9Z/lqMFpDT+NylPFwT6yXZfJAm/QE+Gv14HNir9tfposwGl5IuR+3yfLOuc6PNHVg==",
        "dependencies": {
          "Microsoft.Extensions.DependencyInjection.Abstractions": "10.0.2",
          "Microsoft.Extensions.Logging": "10.0.2",
          "Microsoft.Extensions.Logging.Abstractions": "10.0.2"
        }
      },
      "Microsoft.Maui.Controls": {
        "type": "Direct",
        "requested": "[9.0.30, )",
        "resolved": "9.0.30",
        "contentHash": "S1EvHfKk060Q6gsf/E60YoZQhFZkfpV0ccYC+b8NJfc8P1iKP52KNEwNY6VxP8Y2Cw8ZfkGNRWPAjq+cb7EaPA==",
        "dependencies": {
          "Microsoft.Maui.Controls.Build.Tasks": "9.0.30",
          "Microsoft.Maui.Controls.Core": "9.0.30",
          "Microsoft.Maui.Controls.Xaml": "9.0.30",
          "Microsoft.Maui.Resizetizer": "9.0.30"
        }
      },
      "Microsoft.Maui.Controls.Compatibility": {
        "type": "Direct",
        "requested": "[9.0.30, )",
        "resolved": "9.0.30",
        "contentHash": "6Y4LwwCyw59tCb4i6ZAzpuPYm+14qXxtC0fVK/vBQe+08/dYst7/zmnRqUwqNxY8dUdypGGUyAy3hdQ00SRNpQ==",
        "dependencies": {
          "Microsoft.Extensions.Configuration": "9.0.0",
          "Microsoft.Extensions.Logging.Abstractions": "9.0.0",
          "Microsoft.Maui.Controls.Core": "9.0.30",
          "Microsoft.Maui.Controls.Xaml": "9.0.30"
        }
      },
      "Microsoft.Maui.Controls.Maps": {
        "type": "Direct",
        "requested": "[9.0.30, )",
        "resolved": "9.0.30",
        "contentHash": "bBqJhxDjWGDZgAkZpmNXXl9GT66fu742v3uMvD6kTo4rbZreWoeC+rm8dP8cHNvFKaciFiRPmYhIDrGXJxc2SQ==",
        "dependencies": {
          "Microsoft.Maui.Maps": "9.0.30"
        }
      },
      "CommunityToolkit.Maui.Core": {
        "type": "Transitive",
        "resolved": "9.1.1",
        "contentHash": "2O5bgBnwYLKXUMSA4a0hd3ildtr9t5Rw109y7Lz0udnX4C9JrW8Xi1mLDuUcNmK+U37gulhJGLb2tCMc+cbo3w==",
        "dependencies": {
          "Microsoft.Maui.Core": "8.0.71",
          "Microsoft.Maui.Essentials": "8.0.71"
        }
      },
      "Grpc.Core.Api": {
        "type": "Transitive",
        "resolved": "2.67.0",
        "contentHash": "cL1/2f8kc8lsAGNdfCU25deedXVehhLA6GXKLLN4hAWx16XN7BmjYn3gFU+FBpir5yJynvDTHEypr3Tl0j7x/Q=="
      },
      "Grpc.Net.Common": {
        "type": "Transitive",
        "resolved": "2.67.0",
        "contentHash": "gazn1cD2Eol0/W5ZJRV4PYbNrxJ9oMs8pGYux5S9E4MymClvl7aqYSmpqgmWAUWvziRqK9K+yt3cjCMfQ3x/5A==",
        "dependencies": {
          "Grpc.Core.Api": "2.67.0"
        }
      },
      "Microsoft.Extensions.Configuration": {
        "type": "Transitive",
        "resolved": "9.0.0",
        "contentHash": "YIMO9T3JL8MeEXgVozKt2v79hquo/EFtnY0vgxmLnUvk1Rei/halI7kOWZL2RBeV9FMGzgM9LZA8CVaNwFMaNA==",
        "dependencies": {
          "Microsoft.Extensions.Configuration.Abstractions": "9.0.0",
          "Microsoft.Extensions.Primitives": "9.0.0"
        }
      },
      "Microsoft.Extensions.Configuration.Abstractions": {
        "type": "Transitive",
        "resolved": "9.0.0",
        "contentHash": "lqvd7W3FGKUO1+ZoUEMaZ5XDJeWvjpy2/M/ptCGz3tXLD4HWVaSzjufsAsjemasBEg+2SxXVtYVvGt5r2nKDlg==",
        "dependencies": {
          "Microsoft.Extensions.Primitives": "9.0.0"
        }
      },
      "Microsoft.Extensions.DependencyInjection": {
        "type": "Transitive",
        "resolved": "10.0.2",
        "contentHash": "J/Zmp6fY93JbaiZ11ckWvcyxMPjD6XVwIHQXBjryTBgn7O6O20HYg9uVLFcZlNfgH78MnreE/7EH+hjfzn7VyA==",
        "dependencies": {
          "Microsoft.Extensions.DependencyInjection.Abstractions": "10.0.2"
        }
      },
      "Microsoft.Extensions.DependencyInjection.Abstractions": {
        "type": "Transitive",
        "resolved": "10.0.2",
        "contentHash": "zOIurr59+kUf9vNcsUkCvKWZv+fPosUZXURZesYkJCvl0EzTc9F7maAO4Cd2WEV7ZJJ0AZrFQvuH6Npph9wdBw=="
      },
      "Microsoft.Extensions.Logging": {
        "type": "Transitive",
        "resolved": "10.0.2",
        "contentHash": "a0EWuBs6D3d7XMGroDXm+WsAi5CVVfjOJvyxurzWnuhBN9CO+1qHKcrKV1JK7H/T4ZtHIoVCOX/YyWM8K87qtw==",
        "dependencies": {
          "Microsoft.Extensions.DependencyInjection": "10.0.2",
          "Microsoft.Extensions.Logging.Abstractions": "10.0.2",
          "Microsoft.Extensions.Options": "10.0.2"
        }
      },
      "Microsoft.Extensions.Logging.Abstractions": {
        "type": "Transitive",
        "resolved": "10.0.2",
        "contentHash": "RZkez/JjpnO+MZ6efKkSynN6ZztLpw3WbxNzjLCPBd97wWj1S9ZYPWi0nmT4kWBRa6atHsdM1ydGkUr8GudyDQ==",
        "dependencies": {
          "Microsoft.Extensions.DependencyInjection.Abstractions": "10.0.2"
        }
      },
      "Microsoft.Extensions.Options": {
        "type": "Transitive",
        "resolved": "10.0.2",
        "contentHash": "1De2LJjmxdqopI5AYC5dIhoZQ79AR5ayywxNF1rXrXFtKQfbQOV9+n/IsZBa7qWlr0MqoGpW8+OY2v/57udZOA==",
        "dependencies": {
          "Microsoft.Extensions.DependencyInjection.Abstractions": "10.0.2",
          "Microsoft.Extensions.Primitives": "10.0.2"
        }
      },
      "Microsoft.Extensions.Primitives": {
        "type": "Transitive",
        "resolved": "10.0.2",
        "contentHash": "QmSiO+oLBEooGgB3i0GRXyeYRDHjllqt3k365jwfZlYWhvSHA3UL2NEVV5m8aZa041eIlblo6KMI5txvTMpTwA=="
      },
      "Microsoft.Maui.Controls.Build.Tasks": {
        "type": "Transitive",
        "resolved": "9.0.30",
        "contentHash": "hpb9mB3FLMK0UK6euFvkq8X0TEJ0YDWBV2kot5ryrvCBSNyonHVEQVMo0m7Uzzz2fAdqdZzRNV9WNgB6X/Jb4Q==",
        "dependencies": {
          "Microsoft.Maui.Controls.Core": "9.0.30",
          "Microsoft.Maui.Controls.Xaml": "9.0.30"
        }
      },
      "Microsoft.Maui.Controls.Core": {
        "type": "Transitive",
        "resolved": "9.0.30",
        "contentHash": "P2Z45cciD/2yqia/3tm9QCclVhCISdBQfHz4zvpTQslEPZOuxzw06stvfrKYSgGlnJMBDzNMQ70FC/hybkB4kg==",
        "dependencies": {
          "Microsoft.Extensions.Configuration": "9.0.0",
          "Microsoft.Extensions.DependencyInjection": "9.0.0",
          "Microsoft.Extensions.Logging": "9.0.0",
          "Microsoft.Extensions.Logging.Abstractions": "9.0.0",
          "Microsoft.Maui.Core": "9.0.30"
        }
      },
      "Microsoft.Maui.Controls.Xaml": {
        "type": "Transitive",
        "resolved": "9.0.30",
        "contentHash": "mQHeyk+Dj7L2vmDXPeMjwLD7dUeqCelxLTPV5pOg+v3pVgQFwYZPoOMPVflS6Qtu+o1BlOZ5XNQjtEEUJ4yShg==",
        "dependencies": {
          "Microsoft.Extensions.Configuration": "9.0.0",
          "Microsoft.Maui.Controls.Core": "9.0.30",
          "Microsoft.Maui.Core": "9.0.30"
        }
      },
      "Microsoft.Maui.Core": {
        "type": "Transitive",
        "resolved": "9.0.30",
        "contentHash": "fAt+rtONvnar9IPfj3qmF4UgWAaoB3UkvF1QIlRc9/dwYxSVRyRzx4SfnjwQ0kM160z03IDOK45D3pgDiRRNcw==",
        "dependencies": {
          "Microsoft.Extensions.Configuration": "9.0.0",
          "Microsoft.Extensions.DependencyInjection": "9.0.0",
          "Microsoft.Extensions.Logging": "9.0.0",
          "Microsoft.Extensions.Logging.Abstractions": "9.0.0",
          "Microsoft.Maui.Essentials": "9.0.30",
          "Microsoft.Maui.Graphics": "9.0.30"
        }
      },
      "Microsoft.Maui.Essentials": {
        "type": "Transitive",
        "resolved": "9.0.30",
        "contentHash": "0jIHgPw+VeQpipYoz0WpTGc6EoAD/i80CgAq9GewOHfWSF3pD2w9MwyAkyNf2Fx8gef37WNJCv/wtRcr96nd2w==",
        "dependencies": {
          "Microsoft.Maui.Graphics": "9.0.30"
        }
      },
      "Microsoft.Maui.Graphics": {
        "type": "Transitive",
        "resolved": "9.0.30",
        "contentHash": "YnlWLhi0SFuWY1GxUGZs96uHPJdaGK86udh2A/wysTYernzF7bmKNJnPvG17QDgdMuqELGC7fxAkqRuHEciY/A=="
      },
      "Microsoft.Maui.Maps": {
        "type": "Transitive",
        "resolved": "9.0.30",
        "contentHash": "2kG+ViQ6FoHHoD10IYJCgPD1BqO4dkaasxktMVzvZqfuDapG81JHkCHXsLwfqxyz/PEVTj/GumIWVzXjuwzFaw=="
      },
      "Microsoft.Maui.Resizetizer": {
        "type": "Transitive",
        "resolved": "9.0.30",
        "contentHash": "rJtkoRYWmkBPVxpvrWYvACYfrCqW98ilio6M5wUqu8X7AzcxVp1R17b5XLgFUyJKkmolyqibO06C6wOV3kOOig=="
      }
    },
    "net10.0-android1.0/android-arm64": {},
    "net10.0-ios1.0": {
      "CommunityToolkit.Maui": {
        "type": "Direct",
        "requested": "[9.1.1, )",
        "resolved": "9.1.1",
        "contentHash": "vDFIMhs/NRKEaHrrxq3AR3qEnfc0L6nno3/ZEFRUctDdwcYKNfmx8aof1lj8++dX+56c282SLHyuCnN6eH2Mpg==",
        "dependencies": {
          "CommunityToolkit.Maui.Core": "9.1.1",
          "Microsoft.Maui.Controls": "8.0.71"
        }
      },
      "CommunityToolkit.Mvvm": {
        "type": "Direct",
        "requested": "[8.3.2, )",
        "resolved": "8.3.2",
        "contentHash": "m8EolE1A0Updj68WTsZSGI6VWb6mUqHPh7QFo0kt7+JPhYMNXRS1ch8TS/oITAdcxTLrwMOp3ku1KjeG1/Zdpg=="
      },
      "Google.Protobuf": {
        "type": "Direct",
        "requested": "[3.29.3, )",
        "resolved": "3.29.3",
        "contentHash": "t7nZFFUFwigCwZ+nIXHDLweXvwIpsOXi+P7J7smPT/QjI3EKxnCzTQOhBqyEh6XEzc/pNH+bCFOOSjatrPt6Tw=="
      },
      "Grpc.Net.Client": {
        "type": "Direct",
        "requested": "[2.67.0, )",
        "resolved": "2.67.0",
        "contentHash": "ofTjJQfegWkVlk5R4k/LlwpcucpsBzntygd4iAeuKd/eLMkmBWoXN+xcjYJ5IibAahRpIJU461jABZvT6E9dwA==",
        "dependencies": {
          "Grpc.Net.Common": "2.67.0",
          "Microsoft.Extensions.Logging.Abstractions": "6.0.0"
        }
      },
      "Grpc.Tools": {
        "type": "Direct",
        "requested": "[2.69.0, )",
        "resolved": "2.69.0",
        "contentHash": "W5hW4R1h19FCzKb8ToqIJMI5YxnQqGmREEpV8E5XkfCtLPIK5MSHztwQ8gZUfG8qu9fg5MhItjzyPRqQBjnrbA=="
      },
      "IdentityModel": {
        "type": "Direct",
        "requested": "[7.0.0, )",
        "resolved": "7.0.0",
        "contentHash": "to99aLL5Gev1GOb2gUao/UZXT/uXMyjEmHPNrf/vJI2HBD1LMCTeC4SBCe/cqMIB12V9v+eSieq7ff0lju9pOQ=="
      },
      "IdentityModel.OidcClient": {
        "type": "Direct",
        "requested": "[6.0.0, )",
        "resolved": "6.0.0",
        "contentHash": "m2PZbjeG3nXIQ72NLZvFz3FLFk7GmqLnxO/ifUvaTEE3BDZXp7DXAdjDP6TQKaL20+wDnej2ffA1Yh3vVcJOkA==",
        "dependencies": {
          "IdentityModel": "7.0.0",
          "Microsoft.Extensions.Logging.Abstractions": "8.0.0"
        }
      },
      "Microsoft.Extensions.Logging.Debug": {
        "type": "Direct",
        "requested": "[10.0.2, )",
        "resolved": "10.0.2",
        "contentHash": "LohXg8Uc+cGLzPhUTgwOR9Z/lqMFpDT+NylPFwT6yXZfJAm/QE+Gv14HNir9tfposwGl5IuR+3yfLOuc6PNHVg==",
        "dependencies": {
          "Microsoft.Extensions.DependencyInjection.Abstractions": "10.0.2",
          "Microsoft.Extensions.Logging": "10.0.2",
          "Microsoft.Extensions.Logging.Abstractions": "10.0.2"
        }
      },
      "Microsoft.Maui.Controls": {
        "type": "Direct",
        "requested": "[9.0.30, )",
        "resolved": "9.0.30",
        "contentHash": "S1EvHfKk060Q6gsf/E60YoZQhFZkfpV0ccYC+b8NJfc8P1iKP52KNEwNY6VxP8Y2Cw8ZfkGNRWPAjq+cb7EaPA==",
        "dependencies": {
          "Microsoft.Maui.Controls.Build.Tasks": "9.0.30",
          "Microsoft.Maui.Controls.Core": "9.0.30",
          "Microsoft.Maui.Controls.Xaml": "9.0.30",
          "Microsoft.Maui.Resizetizer": "9.0.30"
        }
      },
      "Microsoft.Maui.Controls.Compatibility": {
        "type": "Direct",
        "requested": "[9.0.30, )",
        "resolved": "9.0.30",
        "contentHash": "6Y4LwwCyw59tCb4i6ZAzpuPYm+14qXxtC0fVK/vBQe+08/dYst7/zmnRqUwqNxY8dUdypGGUyAy3hdQ00SRNpQ==",
        "dependencies": {
          "Microsoft.Extensions.Configuration": "9.0.0",
          "Microsoft.Extensions.Logging.Abstractions": "9.0.0",
          "Microsoft.Maui.Controls.Core": "9.0.30",
          "Microsoft.Maui.Controls.Xaml": "9.0.30"
        }
      },
      "Microsoft.Maui.Controls.Maps": {
        "type": "Direct",
        "requested": "[9.0.30, )",
        "resolved": "9.0.30",
        "contentHash": "bBqJhxDjWGDZgAkZpmNXXl9GT66fu742v3uMvD6kTo4rbZreWoeC+rm8dP8cHNvFKaciFiRPmYhIDrGXJxc2SQ==",
        "dependencies": {
          "Microsoft.Maui.Maps": "9.0.30"
        }
      },
      "CommunityToolkit.Maui.Core": {
        "type": "Transitive",
        "resolved": "9.1.1",
        "contentHash": "2O5bgBnwYLKXUMSA4a0hd3ildtr9t5Rw109y7Lz0udnX4C9JrW8Xi1mLDuUcNmK+U37gulhJGLb2tCMc+cbo3w==",
        "dependencies": {
          "Microsoft.Maui.Core": "8.0.71",
          "Microsoft.Maui.Essentials": "8.0.71"
        }
      },
      "Grpc.Core.Api": {
        "type": "Transitive",
        "resolved": "2.67.0",
        "contentHash": "cL1/2f8kc8lsAGNdfCU25deedXVehhLA6GXKLLN4hAWx16XN7BmjYn3gFU+FBpir5yJynvDTHEypr3Tl0j7x/Q=="
      },
      "Grpc.Net.Common": {
        "type": "Transitive",
        "resolved": "2.67.0",
        "contentHash": "gazn1cD2Eol0/W5ZJRV4PYbNrxJ9oMs8pGYux5S9E4MymClvl7aqYSmpqgmWAUWvziRqK9K+yt3cjCMfQ3x/5A==",
        "dependencies": {
          "Grpc.Core.Api": "2.67.0"
        }
      },
      "Microsoft.Extensions.Configuration": {
        "type": "Transitive",
        "resolved": "9.0.0",
        "contentHash": "YIMO9T3JL8MeEXgVozKt2v79hquo/EFtnY0vgxmLnUvk1Rei/halI7kOWZL2RBeV9FMGzgM9LZA8CVaNwFMaNA==",
        "dependencies": {
          "Microsoft.Extensions.Configuration.Abstractions": "9.0.0",
          "Microsoft.Extensions.Primitives": "9.0.0"
        }
      },
      "Microsoft.Extensions.Configuration.Abstractions": {
        "type": "Transitive",
        "resolved": "9.0.0",
        "contentHash": "lqvd7W3FGKUO1+ZoUEMaZ5XDJeWvjpy2/M/ptCGz3tXLD4HWVaSzjufsAsjemasBEg+2SxXVtYVvGt5r2nKDlg==",
        "dependencies": {
          "Microsoft.Extensions.Primitives": "9.0.0"
        }
      },
      "Microsoft.Extensions.DependencyInjection": {
        "type": "Transitive",
        "resolved": "10.0.2",
        "contentHash": "J/Zmp6fY93JbaiZ11ckWvcyxMPjD6XVwIHQXBjryTBgn7O6O20HYg9uVLFcZlNfgH78MnreE/7EH+hjfzn7VyA==",
        "dependencies": {
          "Microsoft.Extensions.DependencyInjection.Abstractions": "10.0.2"
        }
      },
      "Microsoft.Extensions.DependencyInjection.Abstractions": {
        "type": "Transitive",
        "resolved": "10.0.2",
        "contentHash": "zOIurr59+kUf9vNcsUkCvKWZv+fPosUZXURZesYkJCvl0EzTc9F7maAO4Cd2WEV7ZJJ0AZrFQvuH6Npph9wdBw=="
      },
      "Microsoft.Extensions.Logging": {
        "type": "Transitive",
        "resolved": "10.0.2",
        "contentHash": "a0EWuBs6D3d7XMGroDXm+WsAi5CVVfjOJvyxurzWnuhBN9CO+1qHKcrKV1JK7H/T4ZtHIoVCOX/YyWM8K87qtw==",
        "dependencies": {
          "Microsoft.Extensions.DependencyInjection": "10.0.2",
          "Microsoft.Extensions.Logging.Abstractions": "10.0.2",
          "Microsoft.Extensions.Options": "10.0.2"
        }
      },
      "Microsoft.Extensions.Logging.Abstractions": {
        "type": "Transitive",
        "resolved": "10.0.2",
        "contentHash": "RZkez/JjpnO+MZ6efKkSynN6ZztLpw3WbxNzjLCPBd97wWj1S9ZYPWi0nmT4kWBRa6atHsdM1ydGkUr8GudyDQ==",
        "dependencies": {
          "Microsoft.Extensions.DependencyInjection.Abstractions": "10.0.2"
        }
      },
      "Microsoft.Extensions.Options": {
        "type": "Transitive",
        "resolved": "10.0.2",
        "contentHash": "1De2LJjmxdqopI5AYC5dIhoZQ79AR5ayywxNF1rXrXFtKQfbQOV9+n/IsZBa7qWlr0MqoGpW8+OY2v/57udZOA==",
        "dependencies": {
          "Microsoft.Extensions.DependencyInjection.Abstractions": "10.0.2",
          "Microsoft.Extensions.Primitives": "10.0.2"
        }
      },
      "Microsoft.Extensions.Primitives": {
        "type": "Transitive",
        "resolved": "10.0.2",
        "contentHash": "QmSiO+oLBEooGgB3i0GRXyeYRDHjllqt3k365jwfZlYWhvSHA3UL2NEVV5m8aZa041eIlblo6KMI5txvTMpTwA=="
      },
      "Microsoft.Maui.Controls.Build.Tasks": {
        "type": "Transitive",
        "resolved": "9.0.30",
        "contentHash": "hpb9mB3FLMK0UK6euFvkq8X0TEJ0YDWBV2kot5ryrvCBSNyonHVEQVMo0m7Uzzz2fAdqdZzRNV9WNgB6X/Jb4Q==",
        "dependencies": {
          "Microsoft.Maui.Controls.Core": "9.0.30",
          "Microsoft.Maui.Controls.Xaml": "9.0.30"
        }
      },
      "Microsoft.Maui.Controls.Core": {
        "type": "Transitive",
        "resolved": "9.0.30",
        "contentHash": "P2Z45cciD/2yqia/3tm9QCclVhCISdBQfHz4zvpTQslEPZOuxzw06stvfrKYSgGlnJMBDzNMQ70FC/hybkB4kg==",
        "dependencies": {
          "Microsoft.Extensions.Configuration": "9.0.0",
          "Microsoft.Extensions.DependencyInjection": "9.0.0",
          "Microsoft.Extensions.Logging": "9.0.0",
          "Microsoft.Extensions.Logging.Abstractions": "9.0.0",
          "Microsoft.Maui.Core": "9.0.30"
        }
      },
      "Microsoft.Maui.Controls.Xaml": {
        "type": "Transitive",
        "resolved": "9.0.30",
        "contentHash": "mQHeyk+Dj7L2vmDXPeMjwLD7dUeqCelxLTPV5pOg+v3pVgQFwYZPoOMPVflS6Qtu+o1BlOZ5XNQjtEEUJ4yShg==",
        "dependencies": {
          "Microsoft.Extensions.Configuration": "9.0.0",
          "Microsoft.Maui.Controls.Core": "9.0.30",
          "Microsoft.Maui.Core": "9.0.30"
        }
      },
      "Microsoft.Maui.Core": {
        "type": "Transitive",
        "resolved": "9.0.30",
        "contentHash": "fAt+rtONvnar9IPfj3qmF4UgWAaoB3UkvF1QIlRc9/dwYxSVRyRzx4SfnjwQ0kM160z03IDOK45D3pgDiRRNcw==",
        "dependencies": {
          "Microsoft.Extensions.Configuration": "9.0.0",
          "Microsoft.Extensions.DependencyInjection": "9.0.0",
          "Microsoft.Extensions.Logging": "9.0.0",
          "Microsoft.Extensions.Logging.Abstractions": "9.0.0",
          "Microsoft.Maui.Essentials": "9.0.30",
          "Microsoft.Maui.Graphics": "9.0.30"
        }
      },
      "Microsoft.Maui.Essentials": {
        "type": "Transitive",
        "resolved": "9.0.30",
        "contentHash": "0jIHgPw+VeQpipYoz0WpTGc6EoAD/i80CgAq9GewOHfWSF3pD2w9MwyAkyNf2Fx8gef37WNJCv/wtRcr96nd2w==",
        "dependencies": {
          "Microsoft.Maui.Graphics": "9.0.30"
        }
      },
      "Microsoft.Maui.Graphics": {
        "type": "Transitive",
        "resolved": "9.0.30",
        "contentHash": "YnlWLhi0SFuWY1GxUGZs96uHPJdaGK86udh2A/wysTYernzF7bmKNJnPvG17QDgdMuqELGC7fxAkqRuHEciY/A=="
      },
      "Microsoft.Maui.Maps": {
        "type": "Transitive",
        "resolved": "9.0.30",
        "contentHash": "2kG+ViQ6FoHHoD10IYJCgPD1BqO4dkaasxktMVzvZqfuDapG81JHkCHXsLwfqxyz/PEVTj/GumIWVzXjuwzFaw=="
      },
      "Microsoft.Maui.Resizetizer": {
        "type": "Transitive",
        "resolved": "9.0.30",
        "contentHash": "rJtkoRYWmkBPVxpvrWYvACYfrCqW98ilio6M5wUqu8X7AzcxVp1R17b5XLgFUyJKkmolyqibO06C6wOV3kOOig=="
      }
    },
    "net10.0-ios1.0/android-arm64": {},
    "net10.0-maccatalyst1.0": {
      "CommunityToolkit.Maui": {
        "type": "Direct",
        "requested": "[9.1.1, )",
        "resolved": "9.1.1",
        "contentHash": "vDFIMhs/NRKEaHrrxq3AR3qEnfc0L6nno3/ZEFRUctDdwcYKNfmx8aof1lj8++dX+56c282SLHyuCnN6eH2Mpg==",
        "dependencies": {
          "CommunityToolkit.Maui.Core": "9.1.1",
          "Microsoft.Maui.Controls": "8.0.71"
        }
      },
      "CommunityToolkit.Mvvm": {
        "type": "Direct",
        "requested": "[8.3.2, )",
        "resolved": "8.3.2",
        "contentHash": "m8EolE1A0Updj68WTsZSGI6VWb6mUqHPh7QFo0kt7+JPhYMNXRS1ch8TS/oITAdcxTLrwMOp3ku1KjeG1/Zdpg=="
      },
      "Google.Protobuf": {
        "type": "Direct",
        "requested": "[3.29.3, )",
        "resolved": "3.29.3",
        "contentHash": "t7nZFFUFwigCwZ+nIXHDLweXvwIpsOXi+P7J7smPT/QjI3EKxnCzTQOhBqyEh6XEzc/pNH+bCFOOSjatrPt6Tw=="
      },
      "Grpc.Net.Client": {
        "type": "Direct",
        "requested": "[2.67.0, )",
        "resolved": "2.67.0",
        "contentHash": "ofTjJQfegWkVlk5R4k/LlwpcucpsBzntygd4iAeuKd/eLMkmBWoXN+xcjYJ5IibAahRpIJU461jABZvT6E9dwA==",
        "dependencies": {
          "Grpc.Net.Common": "2.67.0",
          "Microsoft.Extensions.Logging.Abstractions": "6.0.0"
        }
      },
      "Grpc.Tools": {
        "type": "Direct",
        "requested": "[2.69.0, )",
        "resolved": "2.69.0",
        "contentHash": "W5hW4R1h19FCzKb8ToqIJMI5YxnQqGmREEpV8E5XkfCtLPIK5MSHztwQ8gZUfG8qu9fg5MhItjzyPRqQBjnrbA=="
      },
      "IdentityModel": {
        "type": "Direct",
        "requested": "[7.0.0, )",
        "resolved": "7.0.0",
        "contentHash": "to99aLL5Gev1GOb2gUao/UZXT/uXMyjEmHPNrf/vJI2HBD1LMCTeC4SBCe/cqMIB12V9v+eSieq7ff0lju9pOQ=="
      },
      "IdentityModel.OidcClient": {
        "type": "Direct",
        "requested": "[6.0.0, )",
        "resolved": "6.0.0",
        "contentHash": "m2PZbjeG3nXIQ72NLZvFz3FLFk7GmqLnxO/ifUvaTEE3BDZXp7DXAdjDP6TQKaL20+wDnej2ffA1Yh3vVcJOkA==",
        "dependencies": {
          "IdentityModel": "7.0.0",
          "Microsoft.Extensions.Logging.Abstractions": "8.0.0"
        }
      },
      "Microsoft.Extensions.Logging.Debug": {
        "type": "Direct",
        "requested": "[10.0.2, )",
        "resolved": "10.0.2",
        "contentHash": "LohXg8Uc+cGLzPhUTgwOR9Z/lqMFpDT+NylPFwT6yXZfJAm/QE+Gv14HNir9tfposwGl5IuR+3yfLOuc6PNHVg==",
        "dependencies": {
          "Microsoft.Extensions.DependencyInjection.Abstractions": "10.0.2",
          "Microsoft.Extensions.Logging": "10.0.2",
          "Microsoft.Extensions.Logging.Abstractions": "10.0.2"
        }
      },
      "Microsoft.Maui.Controls": {
        "type": "Direct",
        "requested": "[9.0.30, )",
        "resolved": "9.0.30",
        "contentHash": "S1EvHfKk060Q6gsf/E60YoZQhFZkfpV0ccYC+b8NJfc8P1iKP52KNEwNY6VxP8Y2Cw8ZfkGNRWPAjq+cb7EaPA==",
        "dependencies": {
          "Microsoft.Maui.Controls.Build.Tasks": "9.0.30",
          "Microsoft.Maui.Controls.Core": "9.0.30",
          "Microsoft.Maui.Controls.Xaml": "9.0.30",
          "Microsoft.Maui.Resizetizer": "9.0.30"
        }
      },
      "Microsoft.Maui.Controls.Compatibility": {
        "type": "Direct",
        "requested": "[9.0.30, )",
        "resolved": "9.0.30",
        "contentHash": "6Y4LwwCyw59tCb4i6ZAzpuPYm+14qXxtC0fVK/vBQe+08/dYst7/zmnRqUwqNxY8dUdypGGUyAy3hdQ00SRNpQ==",
        "dependencies": {
          "Microsoft.Extensions.Configuration": "9.0.0",
          "Microsoft.Extensions.Logging.Abstractions": "9.0.0",
          "Microsoft.Maui.Controls.Core": "9.0.30",
          "Microsoft.Maui.Controls.Xaml": "9.0.30"
        }
      },
      "Microsoft.Maui.Controls.Maps": {
        "type": "Direct",
        "requested": "[9.0.30, )",
        "resolved": "9.0.30",
        "contentHash": "bBqJhxDjWGDZgAkZpmNXXl9GT66fu742v3uMvD6kTo4rbZreWoeC+rm8dP8cHNvFKaciFiRPmYhIDrGXJxc2SQ==",
        "dependencies": {
          "Microsoft.Maui.Maps": "9.0.30"
        }
      },
      "CommunityToolkit.Maui.Core": {
        "type": "Transitive",
        "resolved": "9.1.1",
        "contentHash": "2O5bgBnwYLKXUMSA4a0hd3ildtr9t5Rw109y7Lz0udnX4C9JrW8Xi1mLDuUcNmK+U37gulhJGLb2tCMc+cbo3w==",
        "dependencies": {
          "Microsoft.Maui.Core": "8.0.71",
          "Microsoft.Maui.Essentials": "8.0.71"
        }
      },
      "Grpc.Core.Api": {
        "type": "Transitive",
        "resolved": "2.67.0",
        "contentHash": "cL1/2f8kc8lsAGNdfCU25deedXVehhLA6GXKLLN4hAWx16XN7BmjYn3gFU+FBpir5yJynvDTHEypr3Tl0j7x/Q=="
      },
      "Grpc.Net.Common": {
        "type": "Transitive",
        "resolved": "2.67.0",
        "contentHash": "gazn1cD2Eol0/W5ZJRV4PYbNrxJ9oMs8pGYux5S9E4MymClvl7aqYSmpqgmWAUWvziRqK9K+yt3cjCMfQ3x/5A==",
        "dependencies": {
          "Grpc.Core.Api": "2.67.0"
        }
      },
      "Microsoft.Extensions.Configuration": {
        "type": "Transitive",
        "resolved": "9.0.0",
        "contentHash": "YIMO9T3JL8MeEXgVozKt2v79hquo/EFtnY0vgxmLnUvk1Rei/halI7kOWZL2RBeV9FMGzgM9LZA8CVaNwFMaNA==",
        "dependencies": {
          "Microsoft.Extensions.Configuration.Abstractions": "9.0.0",
          "Microsoft.Extensions.Primitives": "9.0.0"
        }
      },
      "Microsoft.Extensions.Configuration.Abstractions": {
        "type": "Transitive",
        "resolved": "9.0.0",
        "contentHash": "lqvd7W3FGKUO1+ZoUEMaZ5XDJeWvjpy2/M/ptCGz3tXLD4HWVaSzjufsAsjemasBEg+2SxXVtYVvGt5r2nKDlg==",
        "dependencies": {
          "Microsoft.Extensions.Primitives": "9.0.0"
        }
      },
      "Microsoft.Extensions.DependencyInjection": {
        "type": "Transitive",
        "resolved": "10.0.2",
        "contentHash": "J/Zmp6fY93JbaiZ11ckWvcyxMPjD6XVwIHQXBjryTBgn7O6O20HYg9uVLFcZlNfgH78MnreE/7EH+hjfzn7VyA==",
        "dependencies": {
          "Microsoft.Extensions.DependencyInjection.Abstractions": "10.0.2"
        }
      },
      "Microsoft.Extensions.DependencyInjection.Abstractions": {
        "type": "Transitive",
        "resolved": "10.0.2",
        "contentHash": "zOIurr59+kUf9vNcsUkCvKWZv+fPosUZXURZesYkJCvl0EzTc9F7maAO4Cd2WEV7ZJJ0AZrFQvuH6Npph9wdBw=="
      },
      "Microsoft.Extensions.Logging": {
        "type": "Transitive",
        "resolved": "10.0.2",
        "contentHash": "a0EWuBs6D3d7XMGroDXm+WsAi5CVVfjOJvyxurzWnuhBN9CO+1qHKcrKV1JK7H/T4ZtHIoVCOX/YyWM8K87qtw==",
        "dependencies": {
          "Microsoft.Extensions.DependencyInjection": "10.0.2",
          "Microsoft.Extensions.Logging.Abstractions": "10.0.2",
          "Microsoft.Extensions.Options": "10.0.2"
        }
      },
      "Microsoft.Extensions.Logging.Abstractions": {
        "type": "Transitive",
        "resolved": "10.0.2",
        "contentHash": "RZkez/JjpnO+MZ6efKkSynN6ZztLpw3WbxNzjLCPBd97wWj1S9ZYPWi0nmT4kWBRa6atHsdM1ydGkUr8GudyDQ==",
        "dependencies": {
          "Microsoft.Extensions.DependencyInjection.Abstractions": "10.0.2"
        }
      },
      "Microsoft.Extensions.Options": {
        "type": "Transitive",
        "resolved": "10.0.2",
        "contentHash": "1De2LJjmxdqopI5AYC5dIhoZQ79AR5ayywxNF1rXrXFtKQfbQOV9+n/IsZBa7qWlr0MqoGpW8+OY2v/57udZOA==",
        "dependencies": {
          "Microsoft.Extensions.DependencyInjection.Abstractions": "10.0.2",
          "Microsoft.Extensions.Primitives": "10.0.2"
        }
      },
      "Microsoft.Extensions.Primitives": {
        "type": "Transitive",
        "resolved": "10.0.2",
        "contentHash": "QmSiO+oLBEooGgB3i0GRXyeYRDHjllqt3k365jwfZlYWhvSHA3UL2NEVV5m8aZa041eIlblo6KMI5txvTMpTwA=="
      },
      "Microsoft.Maui.Controls.Build.Tasks": {
        "type": "Transitive",
        "resolved": "9.0.30",
        "contentHash": "hpb9mB3FLMK0UK6euFvkq8X0TEJ0YDWBV2kot5ryrvCBSNyonHVEQVMo0m7Uzzz2fAdqdZzRNV9WNgB6X/Jb4Q==",
        "dependencies": {
          "Microsoft.Maui.Controls.Core": "9.0.30",
          "Microsoft.Maui.Controls.Xaml": "9.0.30"
        }
      },
      "Microsoft.Maui.Controls.Core": {
        "type": "Transitive",
        "resolved": "9.0.30",
        "contentHash": "P2Z45cciD/2yqia/3tm9QCclVhCISdBQfHz4zvpTQslEPZOuxzw06stvfrKYSgGlnJMBDzNMQ70FC/hybkB4kg==",
        "dependencies": {
          "Microsoft.Extensions.Configuration": "9.0.0",
          "Microsoft.Extensions.DependencyInjection": "9.0.0",
          "Microsoft.Extensions.Logging": "9.0.0",
          "Microsoft.Extensions.Logging.Abstractions": "9.0.0",
          "Microsoft.Maui.Core": "9.0.30"
        }
      },
      "Microsoft.Maui.Controls.Xaml": {
        "type": "Transitive",
        "resolved": "9.0.30",
        "contentHash": "mQHeyk+Dj7L2vmDXPeMjwLD7dUeqCelxLTPV5pOg+v3pVgQFwYZPoOMPVflS6Qtu+o1BlOZ5XNQjtEEUJ4yShg==",
        "dependencies": {
          "Microsoft.Extensions.Configuration": "9.0.0",
          "Microsoft.Maui.Controls.Core": "9.0.30",
          "Microsoft.Maui.Core": "9.0.30"
        }
      },
      "Microsoft.Maui.Core": {
        "type": "Transitive",
        "resolved": "9.0.30",
        "contentHash": "fAt+rtONvnar9IPfj3qmF4UgWAaoB3UkvF1QIlRc9/dwYxSVRyRzx4SfnjwQ0kM160z03IDOK45D3pgDiRRNcw==",
        "dependencies": {
          "Microsoft.Extensions.Configuration": "9.0.0",
          "Microsoft.Extensions.DependencyInjection": "9.0.0",
          "Microsoft.Extensions.Logging": "9.0.0",
          "Microsoft.Extensions.Logging.Abstractions": "9.0.0",
          "Microsoft.Maui.Essentials": "9.0.30",
          "Microsoft.Maui.Graphics": "9.0.30"
        }
      },
      "Microsoft.Maui.Essentials": {
        "type": "Transitive",
        "resolved": "9.0.30",
        "contentHash": "0jIHgPw+VeQpipYoz0WpTGc6EoAD/i80CgAq9GewOHfWSF3pD2w9MwyAkyNf2Fx8gef37WNJCv/wtRcr96nd2w==",
        "dependencies": {
          "Microsoft.Maui.Graphics": "9.0.30"
        }
      },
      "Microsoft.Maui.Graphics": {
        "type": "Transitive",
        "resolved": "9.0.30",
        "contentHash": "YnlWLhi0SFuWY1GxUGZs96uHPJdaGK86udh2A/wysTYernzF7bmKNJnPvG17QDgdMuqELGC7fxAkqRuHEciY/A=="
      },
      "Microsoft.Maui.Maps": {
        "type": "Transitive",
        "resolved": "9.0.30",
        "contentHash": "2kG+ViQ6FoHHoD10IYJCgPD1BqO4dkaasxktMVzvZqfuDapG81JHkCHXsLwfqxyz/PEVTj/GumIWVzXjuwzFaw=="
      },
      "Microsoft.Maui.Resizetizer": {
        "type": "Transitive",
        "resolved": "9.0.30",
        "contentHash": "rJtkoRYWmkBPVxpvrWYvACYfrCqW98ilio6M5wUqu8X7AzcxVp1R17b5XLgFUyJKkmolyqibO06C6wOV3kOOig=="
      }
    },
    "net10.0-maccatalyst1.0/android-arm64": {}
  }
}